{
  "lockfileVersion": 1,
  "configVersion": 1,
  "workspaces": {
    "": {
      "name": "exemple",
      "dependencies": {
        "frame-master": "4.0.0-beta.3",
        "frame-master-plugin-apply-react": "..",
        "frame-master-plugin-serve-from-build": "^1.1.1",
        "react": "19.2.8",
        "react-dom": "19.2.8",
      },
      "devDependencies": {
        "@types/bun": "latest",
      },
      "peerDependencies": {
        "typescript": "^5.9.3",
      },
    },
  },
  "packages": {
    "@babel/code-frame": ["@babel/code-frame@8.0.0", "", { "dependencies": { "@babel/helper-validator-identifier": "^8.0.0", "js-tokens": "^10.0.0" } }, "sha512-dYYg153EyN2Ekbqw2zAsbd6/JR+9N2SEoC7YV2GyyqMM7x9bLDTjBD6XBhSMLH0wtIVyJj03jWNriQhaN+eoCw=="],

    "@babel/compat-data": ["@babel/compat-data@8.0.0", "", {}, "sha512-DOjnob/cXOUgDOozCDeq/aK2p5y8dUIVdf6tNhEV1HQRd6I8aQ4f4fbtHRVEvb6lP3BGomrKHiS8ICAASSVQSw=="],

    "@babel/core": ["@babel/core@8.0.1", "", { "dependencies": { "@babel/code-frame": "^8.0.0", "@babel/generator": "^8.0.0", "@babel/helper-compilation-targets": "^8.0.0", "@babel/helpers": "^8.0.0", "@babel/parser": "^8.0.0", "@babel/template": "^8.0.0", "@babel/traverse": "^8.0.0", "@babel/types": "^8.0.0", "@types/gensync": "^1.0.5", "convert-source-map": "^2.0.0", "empathic": "^2.0.1", "gensync": "^1.0.0-beta.2", "import-meta-resolve": "^4.2.0", "json5": "^2.2.3", "obug": "^2.1.1", "semver": "^7.7.3" } }, "sha512-5FgxM4dLQpMJHSiVATk8foW263dVHQHBVpXYiimNECVWG01f4nFyEbQixeT6Mwvg7TayREJ2gpKl3o2RoMdnqw=="],

    "@babel/generator": ["@babel/generator@8.0.0", "", { "dependencies": { "@babel/parser": "^8.0.0", "@babel/types": "^8.0.0", "@jridgewell/gen-mapping": "^0.3.12", "@jridgewell/trace-mapping": "^0.3.28", "@types/jsesc": "^2.5.0", "jsesc": "^3.0.2" } }, "sha512-NT9NrVwJsbSV6Y2FSstWa71EETOnzrjkL5/wX3D2mYHtKM+qvqB1DvR4D0Setb/gDBsHzRICifwEWMO8CnTF6g=="],

    "@babel/helper-compilation-targets": ["@babel/helper-compilation-targets@8.0.0", "", { "dependencies": { "@babel/compat-data": "^8.0.0", "@babel/helper-validator-option": "^8.0.0", "browserslist": "^4.24.0", "lru-cache": "^11.0.0", "semver": "^7.7.3" } }, "sha512-JwculLABZvyPvyLBpwU/E/IbH2uM3mnxNtIJpxnIfb24y1PrdVxK5Dqjle4DpgqpGRnwgC7G8IkzPdSXZrO1Ew=="],

    "@babel/helper-globals": ["@babel/helper-globals@8.0.0", "", {}, "sha512-lLozHOM6sWWlxNo8CYqHy4MBZeTvHXNgVPBfPOGsjPKUzHC2Az9QwB6gxdQmpwHl6GlQtbGgS+lj5887guDiLw=="],

    "@babel/helper-string-parser": ["@babel/helper-string-parser@8.0.0", "", {}, "sha512-6mJgmFFFIIO82vvoLt9XtRC7/TkzXfts1t/SpRX4IHSzMgqoPYCWesVu1udUPUWioAE/2fcG6WuI8zrkE1gwrg=="],

    "@babel/helper-validator-identifier": ["@babel/helper-validator-identifier@8.0.4", "", {}, "sha512-4wFaiLd0bVo4cIoTXI3zKI038NIWE/cr3jvBjejOVYVxV/m8Ltav1USiGzG1fmS5J2RhgEOgXNNK46cRPnRsrg=="],

    "@babel/helper-validator-option": ["@babel/helper-validator-option@8.0.0", "", {}, "sha512-U4Dybxh4WESWHt5XhBeExi4DrY0/DNK1aHpQbsrQXCUbFHuMweT0TpLEWKvaraV2Y6fS+ZXunsZ8zIuZIgvF2Q=="],

    "@babel/helpers": ["@babel/helpers@8.0.0", "", { "dependencies": { "@babel/template": "^8.0.0", "@babel/types": "^8.0.0" } }, "sha512-wfbi91pM3py96oIiJEz7qIpyXDytgr9zQC1HEWwlGNVRAEmItuU/0a41ZUKu1sJGyhhOIpc4t5vk4PYzt8wpsg=="],

    "@babel/parser": ["@babel/parser@8.0.4", "", { "dependencies": { "@babel/types": "^8.0.4" }, "bin": "./bin/babel-parser.js" }, "sha512-srpptsAkEbbNIC/q8nT7o+m6CQe8CJUTV/t7MYc9NnWlgYVtHOb7JH6SorxMhN0kuRJjVqXbKClG6xSbPtzz+g=="],

    "@babel/template": ["@babel/template@8.0.0", "", { "dependencies": { "@babel/code-frame": "^8.0.0", "@babel/parser": "^8.0.0", "@babel/types": "^8.0.0" } }, "sha512-eAD0QW/AlbamBbw0FeGiwasbCVPq5ncW0HNVyLP3B9czqLyh4gvw+5JTSNt6le9+ziAU7mqDZsKTHf3jTb4chQ=="],

    "@babel/traverse": ["@babel/traverse@8.0.4", "", { "dependencies": { "@babel/code-frame": "^8.0.0", "@babel/generator": "^8.0.0", "@babel/helper-globals": "^8.0.0", "@babel/parser": "^8.0.4", "@babel/template": "^8.0.0", "@babel/types": "^8.0.4", "obug": "^2.1.1" } }, "sha512-bZnmqzGG8UZneG1lLxBoWIH0G6Gr1D846Yu4/3XnY6FhCndMR49u26nTY08u/dAxWmLWF9vGQOuC+84FfIUoeg=="],

    "@babel/types": ["@babel/types@8.0.4", "", { "dependencies": { "@babel/helper-string-parser": "^8.0.0", "@babel/helper-validator-identifier": "^8.0.4" } }, "sha512-eY+Yn3dCqTGmyiq2QRU66lA5FL8lqqqvecHt0fF3uHONIa7ToYsaCiWV8lOKqAs0Rb2SjixiKFROngnulPtt2g=="],

    "@happy-dom/global-registrator": ["@happy-dom/global-registrator@20.11.2", "", { "dependencies": { "@types/node": ">=20.0.0", "happy-dom": "^20.11.2" } }, "sha512-7fkpoXZWzyxaBkzRtlD0wRU5ckxbNT4j6BywzpSYh+SFPsGxEVmNR9KHaMwM2xkHB0pADQLl4Z8DSrztECJ7Ww=="],

    "@isaacs/fs-minipass": ["@isaacs/fs-minipass@4.0.1", "", { "dependencies": { "minipass": "^7.0.4" } }, "sha512-wgm9Ehl2jpeqP3zw/7mo3kRHFp5MEDhqAdwy1fTGkHAwnkGOVsgpvQhL8B5n1qlb01jV3n/bI0ZfZp5lWA1k4w=="],

    "@jridgewell/gen-mapping": ["@jridgewell/gen-mapping@0.3.13", "", { "dependencies": { "@jridgewell/sourcemap-codec": "^1.5.0", "@jridgewell/trace-mapping": "^0.3.24" } }, "sha512-2kkt/7niJ6MgEPxF0bYdQ6etZaA+fQvDcLKckhy1yIQOzaoKjBBjSj63/aLVjYE3qhRt5dvM+uUyfCg6UKCBbA=="],

    "@jridgewell/resolve-uri": ["@jridgewell/resolve-uri@3.1.2", "", {}, "sha512-bRISgCIjP20/tbWSPWMEi54QVPRZExkuD9lJL+UIxUKtwVJA8wW1Trb1jMs1RFXo1CBTNZ/5hpC9QvmKWdopKw=="],

    "@jridgewell/sourcemap-codec": ["@jridgewell/sourcemap-codec@1.5.5", "", {}, "sha512-cYQ9310grqxueWbl+WuIUIaiUaDcj7WOq5fVhEljNVgRfOUhY9fy2zTvfoqWsnebh8Sl70VScFbICvJnLKB0Og=="],

    "@jridgewell/trace-mapping": ["@jridgewell/trace-mapping@0.3.31", "", { "dependencies": { "@jridgewell/resolve-uri": "^3.1.0", "@jridgewell/sourcemap-codec": "^1.4.14" } }, "sha512-zzNR+SdQSDJzc8joaeP8QQoCQr8NuYx2dIIytl1QeBEZHJ9uW6hebsrYgbz8hJwUQao3TWCMtmfV8Nu1twOLAw=="],

    "@material-design-icons/svg": ["@material-design-icons/svg@0.14.13", "", {}, "sha512-nCExGZOtoLoFeeqShEOM4XA9DkkLzLlQdk/ZxHxps0//dz6e1Lw3fvQbZ2X/+0Dz2O+udiEukfZ4Nd4KpHg8aA=="],

    "@monaco-editor/loader": ["@monaco-editor/loader@1.7.0", "", { "dependencies": { "state-local": "^1.0.6" } }, "sha512-gIwR1HrJrrx+vfyOhYmCZ0/JcWqG5kbfG7+d3f/C1LXk2EvzAbHSg3MQ5lO2sMlo9izoAZ04shohfKLVT6crVA=="],

    "@monaco-editor/react": ["@monaco-editor/react@4.7.0", "", { "dependencies": { "@monaco-editor/loader": "^1.5.0" }, "peerDependencies": { "monaco-editor": ">= 0.25.0 < 1", "react": "^16.8.0 || ^17.0.0 || ^18.0.0 || ^19.0.0", "react-dom": "^16.8.0 || ^17.0.0 || ^18.0.0 || ^19.0.0" } }, "sha512-cyzXQCtO47ydzxpQtCGSQGOC8Gk3ZUeBXFAxD+CWXYFo5OqZyZUonFl0DwUlTyAfRHntBfw2p3w4s9R6oe1eCA=="],

    "@shpaw415/mui-lite": ["@shpaw415/mui-lite@0.1.4", "", { "dependencies": { "@material-design-icons/svg": "0.14.13", "clsx": "2.1.1", "css-color-converter": "2.0.0" }, "peerDependencies": { "react": "^19.0.0", "react-dom": "^19.0.0" } }, "sha512-i1qfgT3vTsThwecAMcJjMGUWbmKdFka50DFAtL4v5RMS5t1EStLiokQem9QxST3ZfOBjg9912V9pIVEoLjg3jA=="],

    "@shpaw415/webtoken": ["@shpaw415/webtoken@2.0.0", "", { "peerDependencies": { "typescript": "^5.9.2" } }, "sha512-VFvsL64dGs5T6QeKLIJQq6Ty1X6dvnY1IZMgDeLuJUv/5dUpfWdCv9ybp/sRnUbdY/tQ/6WkJbvkB3FNauPtJg=="],

    "@types/bun": ["@types/bun@1.3.14", "", { "dependencies": { "bun-types": "1.3.14" } }, "sha512-h1hFqFVcvAvD9j9K7ZW7vd82aSA+rTdznZa+5bwvCwqSB1jmmfLcbIWhOLx1/+boy/xmjgCs/OMUL8hRJSmnPw=="],

    "@types/gensync": ["@types/gensync@1.0.5", "", {}, "sha512-MbsRCT7mTikHwKZ0X+LVUTLRrZZRLipTuXEO9qOYO+zmjMVk81axyClMROf6uoPD9MRVu46bx8zoR0Ad9q3NAg=="],

    "@types/jsesc": ["@types/jsesc@2.5.1", "", {}, "sha512-9VN+6yxLOPLOav+7PwjZbxiID2bVaeq0ED4qSQmdQTdjnXJSaCVKTR58t15oqH1H5t8Ng2ZX1SabJVoN9Q34bw=="],

    "@types/node": ["@types/node@26.2.0", "", { "dependencies": { "undici-types": "~8.3.0" } }, "sha512-5IviulTZeRNp2vAJ514cc/HUlY5nZ9fCbq9DMyC52BrhFZACo3nI0R7qBxhQmo/d27NFe96ur/b7Wwxklda+kg=="],

    "@types/react": ["@types/react@19.2.18", "", { "dependencies": { "csstype": "^3.2.2" } }, "sha512-AnzbBERsrLKtk2XSfTbYRLjQPdy116Sty4q+T+Bp3IC4l6jNBvreVPAHmpq9qhXQM7CXZPjLVmGMw9sy+hxQ3w=="],

    "@types/react-dom": ["@types/react-dom@19.2.4", "", { "peerDependencies": { "@types/react": "^19.2.0" } }, "sha512-Bsc+QHgp+P/F02XDzNCY9jnZNCUuLki36KT7VKrTXXLdHf+vHMNZnW1rVu5DNW/rCK+fya3DATySbLM4yhtKUw=="],

    "@types/trusted-types": ["@types/trusted-types@2.0.7", "", {}, "sha512-ScaPdn1dQczgbl0QFTeTOmVHFULt394XJgOQNoyVhZ6r2vLnMLJfBPd53SB52T/3G36VI1/g2MZaX0cwDuXsfw=="],

    "@types/whatwg-mimetype": ["@types/whatwg-mimetype@3.0.2", "", {}, "sha512-c2AKvDT8ToxLIOUlN51gTiHXflsfIFisS4pO7pDPoKouJCESkhZnEy623gwP9laCy5lnLDAw1vAzu2vM2YLOrA=="],

    "@types/ws": ["@types/ws@8.18.1", "", { "dependencies": { "@types/node": "*" } }, "sha512-ThVF6DCVhA8kUGy+aazFQ4kXQ7E1Ty7A3ypFOe0IcJV8O/M511G99AW24irKrW56Wt44yG9+ij8FaqoBGkuBXg=="],

    "baseline-browser-mapping": ["baseline-browser-mapping@2.11.13", "", { "bin": { "baseline-browser-mapping": "dist/cli.cjs" } }, "sha512-k9HNuUVMlqVjQ9UHzfPjIqiDbWw7WqT1AoT7GL8VwvF3r0ZfArtgiSPAlmupyNquNgOJHTuH4CKYf8ttMTWBTQ=="],

    "browserslist": ["browserslist@4.28.8", "", { "dependencies": { "baseline-browser-mapping": "^2.11.12", "caniuse-lite": "^1.0.30001809", "electron-to-chromium": "^1.5.402", "node-releases": "^2.0.53", "update-browserslist-db": "^1.3.0" }, "bin": { "browserslist": "cli.js" } }, "sha512-V2NpofLblG64mfOtSgDhOJESZEGogzDMBv/q+W6oc4LXWP/q75eOXoOaaOu1EOadB9U4Bwx/e0yzbvwKH8zalA=="],

    "buffer-image-size": ["buffer-image-size@0.6.4", "", { "dependencies": { "@types/node": "*" } }, "sha512-nEh+kZOPY1w+gcCMobZ6ETUp9WfibndnosbpwB1iJk/8Gt5ZF2bhS6+B6bPYz424KtwsR6Rflc3tCz1/ghX2dQ=="],

    "bun-file-system-router-browser": ["bun-file-system-router-browser@1.3.13", "", { "peerDependencies": { "typescript": "^5" } }, "sha512-2Gm+0KMJjiCRXBDN2YRGxG2p0w/ekgm4Zm4itfy20zbH0jWphhpaamj6+Cd7Q+Ix9LJS7IClzj41qf0toe2Idg=="],

    "bun-types": ["bun-types@1.3.14", "", { "dependencies": { "@types/node": "*" } }, "sha512-4N0ig0fEomHt5R0KCFWjovxow98rIoRwKolrYdCcknNwMekCXRnWEUvgu5soYV8QXtVsrUD8B95MBOZGPvr6KQ=="],

    "caniuse-lite": ["caniuse-lite@1.0.30001809", "", {}, "sha512-xxWVywk6a6Arlk+hymeycyn/VgqEfLDxupvhH/xiY5SJ/18kmi9o6MiO320DCUzypORHLtvh0I4i04tUhCNHNQ=="],

    "chalk": ["chalk@5.6.2", "", {}, "sha512-7NzBL0rN6fMUW+f7A6Io4h40qQlG+xGmtMxfbnH/K7TAtt8JQWVQK+6g0UXKMeVJoyV5EkkNsErQ8pVD3bLHbA=="],

    "chownr": ["chownr@3.0.0", "", {}, "sha512-+IxzY9BZOQd/XuYPRmrvEVjF/nqj5kgT4kEq7VofrDoM1MxoRjEWkrCC3EtLi59TVawxTAn+orJwFQcrqEN1+g=="],

    "clsx": ["clsx@2.1.1", "", {}, "sha512-eYm0QWBtUrBWZWG0d386OGAw16Z995PiOVo2B7bjWSbHedGl5e0ZWaq65kOGgUSNesEIDkB9ISbTg/JK9dhCZA=="],

    "color-convert": ["color-convert@0.5.3", "", {}, "sha512-RwBeO/B/vZR3dfKL1ye/vx8MHZ40ugzpyfeVG5GsiuGnrlMWe2o8wxBbLCpw9CsxV+wHuzYlCiWnybrIA0ling=="],

    "color-name": ["color-name@1.1.4", "", {}, "sha512-dOy+3AuW3a2wNbZHIuMZpTcgjGuLU/uBL/ubcZF9OXbDo8ff4O8yVp5Bf0efS8uEoYo5q4Fx7dY9OgQGXgAsQA=="],

    "commander": ["commander@14.0.3", "", {}, "sha512-H+y0Jo/T1RZ9qPP4Eh1pkcQcLRglraJaSLoyOtHxu6AapkjWVCy2Sit1QQ4x3Dng8qDlSsZEet7g5Pq06MvTgw=="],

    "convert-source-map": ["convert-source-map@2.0.0", "", {}, "sha512-Kvp459HrV2FEJ1CAsi1Ku+MY3kasH19TFykTz2xWmMeq6bk2NU3XXvfJ+Q61m0xktWwt+1HSYf3JZsTms3aRJg=="],

    "css-color-converter": ["css-color-converter@2.0.0", "", { "dependencies": { "color-convert": "^0.5.2", "color-name": "^1.1.4", "css-unit-converter": "^1.1.2" } }, "sha512-oLIG2soZz3wcC3aAl/7Us5RS8Hvvc6I8G8LniF/qfMmrm7fIKQ8RIDDRZeKyGL2SrWfNqYspuLShbnjBMVWm8g=="],

    "css-unit-converter": ["css-unit-converter@1.1.2", "", {}, "sha512-IiJwMC8rdZE0+xiEZHeru6YoONC4rfPMqGm2W85jMIbkFvv5nFTwJVFHam2eFrN6txmoUYFAFXiv8ICVeTO0MA=="],

    "csstype": ["csstype@3.2.3", "", {}, "sha512-z1HGKcYy2xA8AGQfwrn0PAy+PB7X/GSj3UVJW9qKyn43xWa+gl5nXmU4qqLMRzWVLFC8KusUX8T/0kCiOYpAIQ=="],

    "dompurify": ["dompurify@3.4.8", "", { "optionalDependencies": { "@types/trusted-types": "^2.0.7" } }, "sha512-yb1cEmaOum7wFvOCSQxyfgVlv5D47Rc30iZWoMpbDIWTnJ6grDDQyu2KFJzB2k7u0pMuJcQ1zphH//fFnw2tjQ=="],

    "electron-to-chromium": ["electron-to-chromium@1.5.405", "", {}, "sha512-bNglH7lPH5l+yHOes7Zr4VqxhOy4BQ9ZBUX4VdoFgxMpzJk7W1ZoO3Vgd9Pxa9PyjQ76sfm2aKH/nzEcCNRlew=="],

    "empathic": ["empathic@2.0.1", "", {}, "sha512-YGRs8knHhKHVShLkFET/rWAU8kmHbOV5LwN938RHI0pljAJ1Gf6SzXsSmRaEzcXTtOOmVqJ5+WtQPL5uigY50Q=="],

    "entities": ["entities@7.0.1", "", {}, "sha512-TWrgLOFUQTH994YUyl1yT4uyavY5nNB5muff+RtWaqNVCAK408b5ZnnbNAUEWLTCpum9w6arT70i1XdQ4UeOPA=="],

    "escalade": ["escalade@3.2.0", "", {}, "sha512-WUj2qlxaQtO4g6Pq5c29GTcWGDyd8itL8zTlipgECz3JesAiiOKotd8JU6otB3PACgG6xkJUyVhboMS+bje/jA=="],

    "frame-master": ["frame-master@4.0.0-beta.3", "", { "dependencies": { "@monaco-editor/react": "^4.7.0", "@shpaw415/mui-lite": "^0.1.4", "@shpaw415/webtoken": "^2.0.0", "chalk": "^5.6.2", "commander": "^14.0.3", "git": "^0.1.5", "lucide-react": "^1.14.0", "react": "^19.2.5", "react-dom": "^19.2.5", "tar": "^7.5.13" }, "peerDependencies": { "typescript": "^6.0.3" }, "bin": { "frame-master": "bin/index.ts" } }, "sha512-p/8JVIpNhkqmDwanLmxtuW1O/ChI5NUHp+UPgK4RqgnySj3kSm3j+ipoAUmHhtbjZif7priS64pGTunoqwutxA=="],

    "frame-master-plugin-apply-react": ["frame-master-plugin-apply-react@file:..", { "dependencies": { "@babel/core": "^8.0.1", "@babel/types": "^8.0.4", "bun-file-system-router-browser": "^1.3.13", "react-refresh": "^0.18.0" }, "devDependencies": { "@happy-dom/global-registrator": "^20.11.2", "@types/bun": "^1.3.14", "@types/react": "^19.2.18", "@types/react-dom": "^19.2.4", "frame-master": "^3.2.2", "frame-master-plugin-serve-from-build": "^1.1.1" }, "peerDependencies": { "frame-master": "^3.1.3", "react": "19.2.8", "react-dom": "19.2.8", "typescript": "^5.9.3" } }],

    "frame-master-plugin-serve-from-build": ["frame-master-plugin-serve-from-build@1.1.1", "", { "peerDependencies": { "frame-master": "^3.1.1", "typescript": "^5.9.3" } }, "sha512-VatTIDZ3Vb6G+RAV+0PQNasAlnLuPAY6+GGLNzOSjZ/aHK3uN8hDsaEQxTegi0UG8smaBcjrqX3bCocqRAMGZg=="],

    "gensync": ["gensync@1.0.0-beta.2", "", {}, "sha512-3hN7NaskYvMDLQY55gnW3NQ+mesEAepTqlg+VEbj7zzqEMBVNhzcGYYeqFo/TlYz6eQiFcp1HcsCZO+nGgS8zg=="],

    "git": ["git@0.1.5", "", { "dependencies": { "mime": "1.2.9" } }, "sha512-N+bfOrXyKMU/fQtCj6D/U9MQOEN0DAA8TLHSLdUQRSWBOkeRvsjJHdrdkvcq05xO7GSDKWc3nDEGoTZ4DfCCSg=="],

    "happy-dom": ["happy-dom@20.11.2", "", { "dependencies": { "@types/node": ">=20.0.0", "@types/whatwg-mimetype": "^3.0.2", "@types/ws": "^8.18.1", "buffer-image-size": "^0.6.4", "entities": "^7.0.1", "whatwg-mimetype": "^3.0.0", "ws": "^8.21.0" } }, "sha512-7MB+bJLkxu3SowAfBJbjW+c55kNz5tkR45gu2qzrxznezhLeN5YIlJbwUgSzlGc+qWoZ8Ykg71H5ezz69xixrw=="],

    "import-meta-resolve": ["import-meta-resolve@4.2.0", "", {}, "sha512-Iqv2fzaTQN28s/FwZAoFq0ZSs/7hMAHJVX+w8PZl3cY19Pxk6jFFalxQoIfW2826i/fDLXv8IiEZRIT0lDuWcg=="],

    "js-tokens": ["js-tokens@10.0.0", "", {}, "sha512-lM/UBzQmfJRo9ABXbPWemivdCW8V2G8FHaHdypQaIy523snUjog0W71ayWXTjiR+ixeMyVHN2XcpnTd/liPg/Q=="],

    "jsesc": ["jsesc@3.1.0", "", { "bin": { "jsesc": "bin/jsesc" } }, "sha512-/sM3dO2FOzXjKQhJuo0Q173wf2KOo8t4I8vHy6lF9poUp7bKT0/NHE8fPX23PwfhnykfqnC2xRxOnVw5XuGIaA=="],

    "json5": ["json5@2.2.3", "", { "bin": { "json5": "lib/cli.js" } }, "sha512-XmOWe7eyHYH14cLdVPoyg+GOH3rYX++KpzrylJwSW98t3Nk+U8XOl8FWKOgwtzdb8lXGf6zYwDUzeHMWfxasyg=="],

    "lru-cache": ["lru-cache@11.5.2", "", {}, "sha512-4pfM1Ff0x50o0tQwb5ucw/RzNyD0/YJME6IVcStalZuMWxdt3sR3huStTtxz4PUmvZfRguvDejasvQ2kifR11g=="],

    "lucide-react": ["lucide-react@1.31.0", "", { "peerDependencies": { "react": "^16.5.1 || ^17.0.0 || ^18.0.0 || ^19.0.0" } }, "sha512-G8u2eEtoHUnUa9f8lbvqDhCiORMnYLdUEo06EEG9MQvHQrInKcX3Pa2TH39MM5qyzRcWETxB0+aOwAPI1g1kEg=="],

    "marked": ["marked@14.0.0", "", { "bin": { "marked": "bin/marked.js" } }, "sha512-uIj4+faQ+MgHgwUW1l2PsPglZLOLOT1uErt06dAPtx2kjteLAkbsd/0FiYg/MGS+i7ZKLb7w2WClxHkzOOuryQ=="],

    "mime": ["mime@1.2.9", "", {}, "sha512-WiLgbHTIq5AYUvU/Luli4mZ1bUcHpGNHyCsbl+KPMg4zt+XUDpQehWjuBjdLaEvDTinvKj/FgfQt3fPoT7j08g=="],

    "minipass": ["minipass@7.1.3", "", {}, "sha512-tEBHqDnIoM/1rXME1zgka9g6Q2lcoCkxHLuc7ODJ5BxbP5d4c2Z5cGgtXAku59200Cx7diuHTOYfSBD8n6mm8A=="],

    "minizlib": ["minizlib@3.1.0", "", { "dependencies": { "minipass": "^7.1.2" } }, "sha512-KZxYo1BUkWD2TVFLr0MQoM8vUUigWD3LlD83a/75BqC+4qE0Hb1Vo5v1FgcfaNXvfXzr+5EhQ6ing/CaBijTlw=="],

    "monaco-editor": ["monaco-editor@0.56.0", "", { "dependencies": { "dompurify": "3.4.8", "marked": "14.0.0" } }, "sha512-sXboRm3BeBeLm938eaiyLMe0OxzfXIlZvbv4ir/jVgQy1zDhWjgmny0WoN45fuDKhCCQsYMbBJrv/A6jd8aCUg=="],

    "node-releases": ["node-releases@2.0.53", "", {}, "sha512-D9UOmYG3UH1V+ENW56t5QXBwJw1YEY18ruVeus89Rw+SyIgjPkCO84bRzO3uNIYosJbNwiabWVn48o3uJLjxFQ=="],

    "obug": ["obug@2.1.4", "", {}, "sha512-4a+OsYv9UktOJKE+l1A4OufDgdRF9PifWj+tJnHURo/P+WOxpG4GzUFL9qCalmWauao6ogiG+QvnCovwPoyAWA=="],

    "picocolors": ["picocolors@1.1.1", "", {}, "sha512-xceH2snhtb5M9liqDsmEw56le376mTZkEX/jEb/RxNFyegNul7eNslCXP9FDj/Lcu0X8KEyMceP2ntpaHrDEVA=="],

    "react": ["react@19.2.8", "", {}, "sha512-PWaYA1L/q9u2u7xYQi+Y3L3Yfnie7XyLeaJICV1MGD6LprsBxcAqGjYyr0eY3p+QdsA+x/Irkt4Qif8D63+Sbw=="],

    "react-dom": ["react-dom@19.2.8", "", { "dependencies": { "scheduler": "^0.27.0" }, "peerDependencies": { "react": "^19.2.8" } }, "sha512-rVprimfGBG3DR+Tq0IQG2DT5PxKth1WIGDmj5yPmlzr4YBe7uyE+Du4oVqTDXZSHGGGXRtTJEGSSePyQCMBglQ=="],

    "react-refresh": ["react-refresh@0.18.0", "", {}, "sha512-QgT5//D3jfjJb6Gsjxv0Slpj23ip+HtOpnNgnb2S5zU3CB26G/IDPGoy4RJB42wzFE46DRsstbW6tKHoKbhAxw=="],

    "scheduler": ["scheduler@0.27.0", "", {}, "sha512-eNv+WrVbKu1f3vbYJT/xtiF5syA5HPIMtf9IgY/nKg0sWqzAUEvqY/xm7OcZc/qafLx/iO9FgOmeSAp4v5ti/Q=="],

    "semver": ["semver@7.8.5", "", { "bin": { "semver": "bin/semver.js" } }, "sha512-Y7/KDsb8LjooZpwaqGyulO6DQlksgCncchHGk+sZIY4SBvUocMBEFH5Ur1fI4dV+Jvl0w6cjvucaIi40puRioA=="],

    "state-local": ["state-local@1.0.7", "", {}, "sha512-HTEHMNieakEnoe33shBYcZ7NX83ACUjCu8c40iOGEZsngj9zRnkqS9j1pqQPXwobB0ZcVTk27REb7COQ0UR59w=="],

    "tailwindcss": ["tailwindcss@4.3.3", "", {}, "sha512-gOhV3P7ufE62QDGg1zVaTgCR+EtPv92k2nIhVcVKcLmxT1sUBsQGhnZj175j+MqRt4zLF7ic+sCYjfhxMxj7YQ=="],

    "tar": ["tar@7.5.22", "", { "dependencies": { "@isaacs/fs-minipass": "^4.0.0", "chownr": "^3.0.0", "minipass": "^7.1.2", "minizlib": "^3.1.0", "yallist": "^5.0.0" } }, "sha512-MFO/QzvtAOmJbkhOaCTvbGcFN9L9b+JunIsDwaKljSOdcLMea3NJ1k9Usz/rjdfSXTq4dfzfeS7W4p4YOAAHeA=="],

    "typescript": ["typescript@5.9.3", "", { "bin": { "tsc": "bin/tsc", "tsserver": "bin/tsserver" } }, "sha512-jl1vZzPDinLr9eUt3J/t7V6FgNEw9QjvBPdysz9KfQDD41fQrC2Y4vKQdiaUpFT4bXlb1RHhLpp8wtm6M5TgSw=="],

    "undici-types": ["undici-types@8.3.0", "", {}, "sha512-j375ScV60dom+YkPFIfTLcOiPxkN/buHz5GobjLhixFuANaNs3C9l4GmrWqejgXWJ7BbJcFYpTEUkS1Ge8bpZQ=="],

    "update-browserslist-db": ["update-browserslist-db@1.3.1", "", { "dependencies": { "escalade": "^3.2.0", "picocolors": "^1.1.1" }, "peerDependencies": { "browserslist": ">= 4.21.0" }, "bin": { "update-browserslist-db": "cli.js" } }, "sha512-ZZ61DsRsOnakl74HAmp3oSN4aXUmEWXf+i/yv0h7tIBfICc3VdrFErQKUUKPgu3AMsTUMbcongALEN4l6GSUrQ=="],

    "whatwg-mimetype": ["whatwg-mimetype@3.0.0", "", {}, "sha512-nt+N2dzIutVRxARx1nghPKGv1xHikU7HKdfafKkLNLindmPU/ch3U31NOCGGA/dmPcmb1VlofO0vnKAcsm0o/Q=="],

    "ws": ["ws@8.21.3", "", { "peerDependencies": { "bufferutil": "^4.0.1", "utf-8-validate": ">=5.0.2" }, "optionalPeers": ["bufferutil", "utf-8-validate"] }, "sha512-201TZ/kPWxoPr/OKWjquZR1SWKXcvxdH+e1xrx89b3YbmzLMFCLfnaG1HFIgWzJOEWZ7MvpK++odZufgYR50Rw=="],

    "yallist": ["yallist@5.0.0", "", {}, "sha512-YgvUTfwqyc7UXVMrB+SImsVYSmTS8X/tSrtdNZMImM+n7+QTriRXyXim0mBrTXNeqzVF0KWGgHPeiyViFFrNDw=="],

    "frame-master-plugin-apply-react/frame-master": ["frame-master@3.2.2", "", { "dependencies": { "@monaco-editor/react": "^4.7.0", "@shpaw415/webtoken": "^2.0.0", "chalk": "^5.6.2", "commander": "^14.0.3", "git": "^0.1.5", "lucide-react": "^1.14.0", "react": "^19.2.5", "react-dom": "^19.2.5", "tailwindcss": "^4.3.0", "tar": "^7.5.13" }, "peerDependencies": { "typescript": "^6.0.3" }, "bin": { "frame-master": "bin/index.ts" } }, "sha512-f6J4lXbwrmsHYSO4OUcRVqvBBdvvMU2N3TuecMoWmm7bpIy5SjrmimFAASoBBdpBmUAKoRl3Uejc3GUJB4nflQ=="],
  }
}
